{
  "version": 4,
  "terraform_version": "1.5.7",
  "serial": 3,
  "lineage": "4fc053b8-5fbc-7f3b-3361-7958f25c8438",
  "outputs": {
    "domain_mappings": {
      "value": {
        "data": "data.dcisionai.com",
        "frontend": "platform.dcisionai.com",
        "plugin": null,
        "solver": "solve.dcisionai.com"
      },
      "type": [
        "object",
        {
          "data": "string",
          "frontend": "string",
          "plugin": "string",
          "solver": "string"
        }
      ]
    }
  },
  "resources": [
    {
      "mode": "managed",
      "type": "google_cloud_run_domain_mapping",
      "name": "data",
      "provider": "provider[\"registry.terraform.io/hashicorp/google\"]",
      "instances": [
        {
          "schema_version": 0,
          "attributes": {
            "id": "locations/us-central1/namespaces/dcisionai/domainmappings/data.dcisionai.com",
            "location": "us-central1",
            "metadata": [
              {
                "annotations": {
                  "run.googleapis.com/operation-id": "aa280b03-fd5f-4959-b2cb-6b2cfdf8bb76",
                  "serving.knative.dev/creator": "ameykdhavle@gmail.com",
                  "serving.knative.dev/lastModifier": "ameykdhavle@gmail.com"
                },
                "generation": 1,
                "labels": {
                  "cloud.googleapis.com/location": "us-central1"
                },
                "namespace": "dcisionai",
                "resource_version": "AAY0UMAws8M",
                "self_link": "/apis/domains.cloudrun.com/v1/namespaces/219323644585/domainmappings/data.dcisionai.com",
                "uid": "0c7f7292-bf14-476d-9aa6-2019a2a2c5a5"
              }
            ],
            "name": "data.dcisionai.com",
            "project": "dcisionai",
            "spec": [
              {
                "certificate_mode": "",
                "force_override": false,
                "route_name": "data"
              }
            ],
            "status": [
              {
                "conditions": [
                  {
                    "message": "Route 'data' exists but is not ready with a domain to serve traffic.",
                    "reason": "RouteNotReady",
                    "status": "Unknown",
                    "type": "Ready"
                  },
                  {
                    "message": "System will retry after 24:00:00 from lastTransitionTime for attempt 20.",
                    "reason": "FailedUnknown",
                    "status": "True",
                    "type": "Retry"
                  }
                ],
                "mapped_route_name": "",
                "observed_generation": 1,
                "resource_records": []
              }
            ],
            "timeouts": {
              "create": null,
              "delete": null
            }
          },
          "sensitive_attributes": [],
          "private": "eyJlMmJmYjczMC1lY2FhLTExZTYtOGY4OC0zNDM2M2JjN2M0YzAiOnsiY3JlYXRlIjoxMjAwMDAwMDAwMDAwLCJkZWxldGUiOjEyMDAwMDAwMDAwMDB9LCJzY2hlbWFfdmVyc2lvbiI6IjAifQ=="
        }
      ]
    },
    {
      "mode": "managed",
      "type": "google_cloud_run_domain_mapping",
      "name": "frontend",
      "provider": "provider[\"registry.terraform.io/hashicorp/google\"]",
      "instances": [
        {
          "schema_version": 0,
          "attributes": {
            "id": "locations/us-central1/namespaces/dcisionai/domainmappings/platform.dcisionai.com",
            "location": "us-central1",
            "metadata": [
              {
                "annotations": {
                  "run.googleapis.com/operation-id": "d722fc7d-1d42-40a8-962e-5086ccaafdc2",
                  "serving.knative.dev/creator": "ameykdhavle@gmail.com",
                  "serving.knative.dev/lastModifier": "ameykdhavle@gmail.com"
                },
                "generation": 1,
                "labels": {
                  "cloud.googleapis.com/location": "us-central1",
                  "run.googleapis.com/overrideAt": "2025-05-03T21:01:40.471Z"
                },
                "namespace": "dcisionai",
                "resource_version": "AAY0QbrC98U",
                "self_link": "/apis/domains.cloudrun.com/v1/namespaces/219323644585/domainmappings/platform.dcisionai.com",
                "uid": "04a1ccd8-2efb-401b-9b7c-600ae8e127d3"
              }
            ],
            "name": "platform.dcisionai.com",
            "project": "dcisionai",
            "spec": [
              {
                "certificate_mode": "AUTOMATIC",
                "force_override": false,
                "route_name": "frontend"
              }
            ],
            "status": [
              {
                "conditions": [
                  {
                    "message": "",
                    "reason": "",
                    "status": "True",
                    "type": "Ready"
                  },
                  {
                    "message": "",
                    "reason": "",
                    "status": "True",
                    "type": "CertificateProvisioned"
                  },
                  {
                    "message": "",
                    "reason": "",
                    "status": "True",
                    "type": "DomainRoutable"
                  }
                ],
                "mapped_route_name": "frontend",
                "observed_generation": 1,
                "resource_records": [
                  {
                    "name": "platform",
                    "rrdata": "ghs.googlehosted.com.",
                    "type": "CNAME"
                  }
                ]
              }
            ],
            "timeouts": {
              "create": null,
              "delete": null
            }
          },
          "sensitive_attributes": [],
          "private": "eyJlMmJmYjczMC1lY2FhLTExZTYtOGY4OC0zNDM2M2JjN2M0YzAiOnsiY3JlYXRlIjoxMjAwMDAwMDAwMDAwLCJkZWxldGUiOjEyMDAwMDAwMDAwMDB9LCJzY2hlbWFfdmVyc2lvbiI6IjAifQ=="
        }
      ]
    },
    {
      "mode": "managed",
      "type": "google_cloud_run_domain_mapping",
      "name": "solver",
      "provider": "provider[\"registry.terraform.io/hashicorp/google\"]",
      "instances": [
        {
          "schema_version": 0,
          "attributes": {
            "id": "locations/us-central1/namespaces/dcisionai/domainmappings/solve.dcisionai.com",
            "location": "us-central1",
            "metadata": [
              {
                "annotations": {
                  "run.googleapis.com/operation-id": "f457933b-2b73-4f5b-8bcd-dc368e7682bf",
                  "serving.knative.dev/creator": "ameykdhavle@gmail.com",
                  "serving.knative.dev/lastModifier": "ameykdhavle@gmail.com"
                },
                "generation": 1,
                "labels": {
                  "cloud.googleapis.com/location": "us-central1",
                  "run.googleapis.com/overrideAt": "2025-05-03T14:46:13.114Z"
                },
                "namespace": "dcisionai",
                "resource_version": "AAY0PG3KT7A",
                "self_link": "/apis/domains.cloudrun.com/v1/namespaces/219323644585/domainmappings/solve.dcisionai.com",
                "uid": "12175340-7e8a-4020-a9a8-b36d733c2d6b"
              }
            ],
            "name": "solve.dcisionai.com",
            "project": "dcisionai",
            "spec": [
              {
                "certificate_mode": "",
                "force_override": false,
                "route_name": "solver-service"
              }
            ],
            "status": [
              {
                "conditions": [
                  {
                    "message": "",
                    "reason": "",
                    "status": "True",
                    "type": "Ready"
                  },
                  {
                    "message": "",
                    "reason": "",
                    "status": "True",
                    "type": "CertificateProvisioned"
                  },
                  {
                    "message": "",
                    "reason": "",
                    "status": "True",
                    "type": "DomainRoutable"
                  }
                ],
                "mapped_route_name": "solver-service",
                "observed_generation": 1,
                "resource_records": [
                  {
                    "name": "solve",
                    "rrdata": "ghs.googlehosted.com.",
                    "type": "CNAME"
                  }
                ]
              }
            ],
            "timeouts": {
              "create": null,
              "delete": null
            }
          },
          "sensitive_attributes": [],
          "private": "eyJlMmJmYjczMC1lY2FhLTExZTYtOGY4OC0zNDM2M2JjN2M0YzAiOnsiY3JlYXRlIjoxMjAwMDAwMDAwMDAwLCJkZWxldGUiOjEyMDAwMDAwMDAwMDB9LCJzY2hlbWFfdmVyc2lvbiI6IjAifQ=="
        }
      ]
    }
  ],
  "check_results": null
}
